
Microsoft Visual Studio Solution File, Format Version 12.00
# Visual Studio Version 16
VisualStudioVersion = 16.0.29020.237
MinimumVisualStudioVersion = 10.0.40219.1
Project("{FAE04EC0-301F-11D3-BF4B-00C04F79EFBC}") = "PTHelper", "PTHelper\PTHelper.csproj", "{145073A0-D4A9-45DC-98D5-C84D67248998}"
EndProject
Global
	GlobalSection(SolutionConfigurationPlatforms) = preSolution
		Debug|Any CPU = Debug|Any CPU
		Release|Any CPU = Release|Any CPU
	EndGlobalSection
	GlobalSection(ProjectConfigurationPlatforms) = postSolution
		{145073A0-D4A9-45DC-98D5-C84D67248998}.Debug|Any CPU.ActiveCfg = Debug|Any CPU
		{145073A0-D4A9-45DC-98D5-C84D67248998}.Debug|Any CPU.Build.0 = Debug|Any CPU
		{145073A0-D4A9-45DC-98D5-C84D67248998}.Release|Any CPU.ActiveCfg = Release|Any CPU
		{145073A0-D4A9-45DC-98D5-C84D67248998}.Release|Any CPU.Build.0 = Release|Any CPU
	EndGlobalSection
	GlobalSection(SolutionProperties) = preSolution
		HideSolutionNode = FALSE
	EndGlobalSection
	GlobalSection(ExtensibilityGlobals) = postSolution
		SolutionGuid = {916A3164-E405-4385-B679-FA8C0E023E9D}
	EndGlobalSection
EndGlobal
